// !$*UTF8*$!
{
	archiveVersion = 1;
	classes = {
	};
	objectVersion = 56;
	objects = {

/* Begin PBXBuildFile section */
		643121CC2A186E4800DD7795 /* ButtonApp.swift in Sources */ = {isa = PBXBuildFile; fileRef = 643121CB2A186E4800DD7795 /* ButtonApp.swift */; };
		643121CE2A186E4800DD7795 /* ContentView.swift in Sources */ = {isa = PBXBuildFile; fileRef = 643121CD2A186E4800DD7795 /* ContentView.swift */; };
		643121D02A186E4A00DD7795 /* Assets.xcassets in Resources */ = {isa = PBXBuildFile; fileRef = 643121CF2A186E4A00DD7795 /* Assets.xcassets */; };
		643121D32A186E4A00DD7795 /* Preview Assets.xcassets in Resources */ = {isa = PBXBuildFile; fileRef = 643121D22A186E4A00DD7795 /* Preview Assets.xcassets */; };
		643121DD2A186E4A00DD7795 /* ButtonTests.swift in Sources */ = {isa = PBXBuildFile; fileRef = 643121DC2A186E4A00DD7795 /* ButtonTests.swift */; };
		643121E72A186E4A00DD7795 /* ButtonUITests.swift in Sources */ = {isa = PBXBuildFile; fileRef = 643121E62A186E4A00DD7795 /* ButtonUITests.swift */; };
		643121E92A186E4A00DD7795 /* ButtonUITestsLaunchTests.swift in Sources */ = {isa = PBXBuildFile; fileRef = 643121E82A186E4A00DD7795 /* ButtonUITestsLaunchTests.swift */; };
/* End PBXBuildFile section */

/* Begin PBXContainerItemProxy section */
		643121D92A186E4A00DD7795 /* PBXContainerItemProxy */ = {
			isa = PBXContainerItemProxy;
			containerPortal = 643121C02A186E4800DD7795 /* Project object */;
			proxyType = 1;
			remoteGlobalIDString = 643121C72A186E4800DD7795;
			remoteInfo = Button;
		};
		643121E32A186E4A00DD7795 /* PBXContainerItemProxy */ = {
			isa = PBXContainerItemProxy;
			containerPortal = 643121C02A186E4800DD7795 /* Project object */;
			proxyType = 1;
			remoteGlobalIDString = 643121C72A186E4800DD7795;
			remoteInfo = Button;
		};
/* End PBXContainerItemProxy section */

/* Begin PBXFileReference section */
		643121C82A186E4800DD7795 /* Button.app */ = {isa = PBXFileReference; explicitFileType = wrapper.application; includeInIndex = 0; path = Button.app; sourceTree = BUILT_PRODUCTS_DIR; };
		643121CB2A186E4800DD7795 /* ButtonApp.swift */ = {isa = PBXFileReference; lastKnownFileType = sourcecode.swift; path = ButtonApp.swift; sourceTree = "<group>"; };
		643121CD2A186E4800DD7795 /* ContentView.swift */ = {isa = PBXFileReference; lastKnownFileType = sourcecode.swift; path = ContentView.swift; sourceTree = "<group>"; };
		643121CF2A186E4A00DD7795 /* Assets.xcassets */ = {isa = PBXFileReference; lastKnownFileType = folder.assetcatalog; path = Assets.xcassets; sourceTree = "<group>"; };
		643121D22A186E4A00DD7795 /* Preview Assets.xcassets */ = {isa = PBXFileReference; lastKnownFileType = folder.assetcatalog; path = "Preview Assets.xcassets"; sourceTree = "<group>"; };
		643121D82A186E4A00DD7795 /* ButtonTests.xctest */ = {isa = PBXFileReference; explicitFileType = wrapper.cfbundle; includeInIndex = 0; path = ButtonTests.xctest; sourceTree = BUILT_PRODUCTS_DIR; };
		643121DC2A186E4A00DD7795 /* ButtonTests.swift */ = {isa = PBXFileReference; lastKnownFileType = sourcecode.swift; path = ButtonTests.swift; sourceTree = "<group>"; };
		643121E22A186E4A00DD7795 /* ButtonUITests.xctest */ = {isa = PBXFileReference; explicitFileType = wrapper.cfbundle; includeInIndex = 0; path = ButtonUITests.xctest; sourceTree = BUILT_PRODUCTS_DIR; };
		643121E62A186E4A00DD7795 /* ButtonUITests.swift */ = {isa = PBXFileReference; lastKnownFileType = sourcecode.swift; path = ButtonUITests.swift; sourceTree = "<group>"; };
		643121E82A186E4A00DD7795 /* ButtonUITestsLaunchTests.swift */ = {isa = PBXFileReference; lastKnownFileType = sourcecode.swift; path = ButtonUITestsLaunchTests.swift; sourceTree = "<group>"; };
/* End PBXFileReference section */

/* Begin PBXFrameworksBuildPhase section */
		643121C52A186E4800DD7795 /* Frameworks */ = {
			isa = PBXFrameworksBuildPhase;
			buildActionMask = 2147483647;
			files = (
			);
			runOnlyForDeploymentPostprocessing = 0;
		};
		643121D52A186E4A00DD7795 /* Frameworks */ = {
			isa = PBXFrameworksBuildPhase;
			buildActionMask = 2147483647;
			files = (
			);
			runOnlyForDeploymentPostprocessing = 0;
		};
		643121DF2A186E4A00DD7795 /* Frameworks */ = {
			isa = PBXFrameworksBuildPhase;
			buildActionMask = 2147483647;
			files = (
			);
			runOnlyForDeploymentPostprocessing = 0;
		};
/* End PBXFrameworksBuildPhase section */

/* Begin PBXGroup section */
		643121BF2A186E4800DD7795 = {
			isa = PBXGroup;
			children = (
				643121CA2A186E4800DD7795 /* Button */,
				643121DB2A186E4A00DD7795 /* ButtonTests */,
				643121E52A186E4A00DD7795 /* ButtonUITests */,
				643121C92A186E4800DD7795 /* Products */,
			);
			sourceTree = "<group>";
		};
		643121C92A186E4800DD7795 /* Products */ = {
			isa = PBXGroup;
			children = (
				643121C82A186E4800DD7795 /* Button.app */,
				643121D82A186E4A00DD7795 /* ButtonTests.xctest */,
				643121E22A186E4A00DD7795 /* ButtonUITests.xctest */,
			);
			name = Products;
			sourceTree = "<group>";
		};
		643121CA2A186E4800DD7795 /* Button */ = {
			isa = PBXGroup;
			children = (
				643121CB2A186E4800DD7795 /* ButtonApp.swift */,
				643121CD2A186E4800DD7795 /* ContentView.swift */,
				643121CF2A186E4A00DD7795 /* Assets.xcassets */,
				643121D12A186E4A00DD7795 /* Preview Content */,
			);
			path = Button;
			sourceTree = "<group>";
		};
		643121D12A186E4A00DD7795 /* Preview Content */ = {
			isa = PBXGroup;
			children = (
				643121D22A186E4A00DD7795 /* Preview Assets.xcassets */,
			);
			path = "Preview Content";
			sourceTree = "<group>";
		};
		643121DB2A186E4A00DD7795 /* ButtonTests */ = {
			isa = PBXGroup;
			children = (
				643121DC2A186E4A00DD7795 /* ButtonTests.swift */,
			);
			path = ButtonTests;
			sourceTree = "<group>";
		};
		643121E52A186E4A00DD7795 /* ButtonUITests */ = {
			isa = PBXGroup;
			children = (
				643121E62A186E4A00DD7795 /* ButtonUITests.swift */,
				643121E82A186E4A00DD7795 /* ButtonUITestsLaunchTests.swift */,
			);
			path = ButtonUITests;
			sourceTree = "<group>";
		};
/* End PBXGroup section */

/* Begin PBXNativeTarget section */
		643121C72A186E4800DD7795 /* Button */ = {
			isa = PBXNativeTarget;
			buildConfigurationList = 643121EC2A186E4A00DD7795 /* Build configuration list for PBXNativeTarget "Button" */;
			buildPhases = (
				643121C42A186E4800DD7795 /* Sources */,
				643121C52A186E4800DD7795 /* Frameworks */,
				643121C62A186E4800DD7795 /* Resources */,
			);
			buildRules = (
			);
			dependencies = (
			);
			name = Button;
			productName = Button;
			productReference = 643121C82A186E4800DD7795 /* Button.app */;
			productType = "com.apple.product-type.application";
		};
		643121D72A186E4A00DD7795 /* ButtonTests */ = {
			isa = PBXNativeTarget;
			buildConfigurationList = 643121EF2A186E4A00DD7795 /* Build configuration list for PBXNativeTarget "ButtonTests" */;
			buildPhases = (
				643121D42A186E4A00DD7795 /* Sources */,
				643121D52A186E4A00DD7795 /* Frameworks */,
				643121D62A186E4A00DD7795 /* Resources */,
			);
			buildRules = (
			);
			dependencies = (
				643121DA2A186E4A00DD7795 /* PBXTargetDependency */,
			);
			name = ButtonTests;
			productName = ButtonTests;
			productReference = 643121D82A186E4A00DD7795 /* ButtonTests.xctest */;
			productType = "com.apple.product-type.bundle.unit-test";
		};
		643121E12A186E4A00DD7795 /* ButtonUITests */ = {
			isa = PBXNativeTarget;
			buildConfigurationList = 643121F22A186E4A00DD7795 /* Build configuration list for PBXNativeTarget "ButtonUITests" */;
			buildPhases = (
				643121DE2A186E4A00DD7795 /* Sources */,
				643121DF2A186E4A00DD7795 /* Frameworks */,
				643121E02A186E4A00DD7795 /* Resources */,
			);
			buildRules = (
			);
			dependencies = (
				643121E42A186E4A00DD7795 /* PBXTargetDependency */,
			);
			name = ButtonUITests;
			productName = ButtonUITests;
			productReference = 643121E22A186E4A00DD7795 /* ButtonUITests.xctest */;
			productType = "com.apple.product-type.bundle.ui-testing";
		};
/* End PBXNativeTarget section */

/* Begin PBXProject section */
		643121C02A186E4800DD7795 /* Project object */ = {
			isa = PBXProject;
			attributes = {
				BuildIndependentTargetsInParallel = 1;
				LastSwiftUpdateCheck = 1430;
				LastUpgradeCheck = 1430;
				TargetAttributes = {
					643121C72A186E4800DD7795 = {
						CreatedOnToolsVersion = 14.3;
					};
					643121D72A186E4A00DD7795 = {
						CreatedOnToolsVersion = 14.3;
						TestTargetID = 643121C72A186E4800DD7795;
					};
					643121E12A186E4A00DD7795 = {
						CreatedOnToolsVersion = 14.3;
						TestTargetID = 643121C72A186E4800DD7795;
					};
				};
			};
			buildConfigurationList = 643121C32A186E4800DD7795 /* Build configuration list for PBXProject "Button" */;
			compatibilityVersion = "Xcode 14.0";
			developmentRegion = en;
			hasScannedForEncodings = 0;
			knownRegions = (
				en,
				Base,
			);
			mainGroup = 643121BF2A186E4800DD7795;
			productRefGroup = 643121C92A186E4800DD7795 /* Products */;
			projectDirPath = "";
			projectRoot = "";
			targets = (
				643121C72A186E4800DD7795 /* Button */,
				643121D72A186E4A00DD7795 /* ButtonTests */,
				643121E12A186E4A00DD7795 /* ButtonUITests */,
			);
		};
/* End PBXProject section */

/* Begin PBXResourcesBuildPhase section */
		643121C62A186E4800DD7795 /* Resources */ = {
			isa = PBXResourcesBuildPhase;
			buildActionMask = 2147483647;
			files = (
				643121D32A186E4A00DD7795 /* Preview Assets.xcassets in Resources */,
				643121D02A186E4A00DD7795 /* Assets.xcassets in Resources */,
			);
			runOnlyForDeploymentPostprocessing = 0;
		};
		643121D62A186E4A00DD7795 /* Resources */ = {
			isa = PBXResourcesBuildPhase;
			buildActionMask = 2147483647;
			files = (
			);
			runOnlyForDeploymentPostprocessing = 0;
		};
		643121E02A186E4A00DD7795 /* Resources */ = {
			isa = PBXResourcesBuildPhase;
			buildActionMask = 2147483647;
			files = (
			);
			runOnlyForDeploymentPostprocessing = 0;
		};
/* End PBXResourcesBuildPhase section */

/* Begin PBXSourcesBuildPhase section */
		643121C42A186E4800DD7795 /* Sources */ = {
			isa = PBXSourcesBuildPhase;
			buildActionMask = 2147483647;
			files = (
				643121CE2A186E4800DD7795 /* ContentView.swift in Sources */,
				643121CC2A186E4800DD7795 /* ButtonApp.swift in Sources */,
			);
			runOnlyForDeploymentPostprocessing = 0;
		};
		643121D42A186E4A00DD7795 /* Sources */ = {
			isa = PBXSourcesBuildPhase;
			buildActionMask = 2147483647;
			files = (
				643121DD2A186E4A00DD7795 /* ButtonTests.swift in Sources */,
			);
			runOnlyForDeploymentPostprocessing = 0;
		};
		643121DE2A186E4A00DD7795 /* Sources */ = {
			isa = PBXSourcesBuildPhase;
			buildActionMask = 2147483647;
			files = (
				643121E92A186E4A00DD7795 /* ButtonUITestsLaunchTests.swift in Sources */,
				643121E72A186E4A00DD7795 /* ButtonUITests.swift in Sources */,
			);
			runOnlyForDeploymentPostprocessing = 0;
		};
/* End PBXSourcesBuildPhase section */

/* Begin PBXTargetDependency section */
		643121DA2A186E4A00DD7795 /* PBXTargetDependency */ = {
			isa = PBXTargetDependency;
			target = 643121C72A186E4800DD7795 /* Button */;
			targetProxy = 643121D92A186E4A00DD7795 /* PBXContainerItemProxy */;
		};
		643121E42A186E4A00DD7795 /* PBXTargetDependency */ = {
			isa = PBXTargetDependency;
			target = 643121C72A186E4800DD7795 /* Button */;
			targetProxy = 643121E32A186E4A00DD7795 /* PBXContainerItemProxy */;
		};
/* End PBXTargetDependency section */

/* Begin XCBuildConfiguration section */
		643121EA2A186E4A00DD7795 /* Debug */ = {
			isa = XCBuildConfiguration;
			buildSettings = {
				ALWAYS_SEARCH_USER_PATHS = NO;
				CLANG_ANALYZER_NONNULL = YES;
				CLANG_ANALYZER_NUMBER_OBJECT_CONVERSION = YES_AGGRESSIVE;
				CLANG_CXX_LANGUAGE_STANDARD = "gnu++20";
				CLANG_ENABLE_MODULES = YES;
				CLANG_ENABLE_OBJC_ARC = YES;
				CLANG_ENABLE_OBJC_WEAK = YES;
				CLANG_WARN_BLOCK_CAPTURE_AUTORELEASING = YES;
				CLANG_WARN_BOOL_CONVERSION = YES;
				CLANG_WARN_COMMA = YES;
				CLANG_WARN_CONSTANT_CONVERSION = YES;
				CLANG_WARN_DEPRECATED_OBJC_IMPLEMENTATIONS = YES;
				CLANG_WARN_DIRECT_OBJC_ISA_USAGE = YES_ERROR;
				CLANG_WARN_DOCUMENTATION_COMMENTS = YES;
				CLANG_WARN_EMPTY_BODY = YES;
				CLANG_WARN_ENUM_CONVERSION = YES;
				CLANG_WARN_INFINITE_RECURSION = YES;
				CLANG_WARN_INT_CONVERSION = YES;
				CLANG_WARN_NON_LITERAL_NULL_CONVERSION = YES;
				CLANG_WARN_OBJC_IMPLICIT_RETAIN_SELF = YES;
				CLANG_WARN_OBJC_LITERAL_CONVERSION = YES;
				CLANG_WARN_OBJC_ROOT_CLASS = YES_ERROR;
				CLANG_WARN_QUOTED_INCLUDE_IN_FRAMEWORK_HEADER = YES;
				CLANG_WARN_RANGE_LOOP_ANALYSIS = YES;
				CLANG_WARN_STRICT_PROTOTYPES = YES;
				CLANG_WARN_SUSPICIOUS_MOVE = YES;
				CLANG_WARN_UNGUARDED_AVAILABILITY = YES_AGGRESSIVE;
				CLANG_WARN_UNREACHABLE_CODE = YES;
				CLANG_WARN__DUPLICATE_METHOD_MATCH = YES;
				COPY_PHASE_STRIP = NO;
				DEBUG_INFORMATION_FORMAT = dwarf;
				ENABLE_STRICT_OBJC_MSGSEND = YES;
				ENABLE_TESTABILITY = YES;
				GCC_C_LANGUAGE_STANDARD = gnu11;
				GCC_DYNAMIC_NO_PIC = NO;
				GCC_NO_COMMON_BLOCKS = YES;
				GCC_OPTIMIZATION_LEVEL = 0;
				GCC_PREPROCESSOR_DEFINITIONS = (
					"DEBUG=1",
					"$(inherited)",
				);
				GCC_WARN_64_TO_32_BIT_CONVERSION = YES;
				GCC_WARN_ABOUT_RETURN_TYPE = YES_ERROR;
				GCC_WARN_UNDECLARED_SELECTOR = YES;
				GCC_WARN_UNINITIALIZED_AUTOS = YES_AGGRESSIVE;
				GCC_WARN_UNUSED_FUNCTION = YES;
				GCC_WARN_UNUSED_VARIABLE = YES;
				IPHONEOS_DEPLOYMENT_TARGET = 16.4;
				MTL_ENABLE_DEBUG_INFO = INCLUDE_SOURCE;
				MTL_FAST_MATH = YES;
				ONLY_ACTIVE_ARCH = YES;
				SDKROOT = iphoneos;
				SWIFT_ACTIVE_COMPILATION_CONDITIONS = DEBUG;
				SWIFT_OPTIMIZATION_LEVEL = "-Onone";
			};
			name = Debug;
		};
		643121EB2A186E4A00DD7795 /* Release */ = {
			isa = XCBuildConfiguration;
			buildSettings = {
				ALWAYS_SEARCH_USER_PATHS = NO;
				CLANG_ANALYZER_NONNULL = YES;
				CLANG_ANALYZER_NUMBER_OBJECT_CONVERSION = YES_AGGRESSIVE;
				CLANG_CXX_LANGUAGE_STANDARD = "gnu++20";
				CLANG_ENABLE_MODULES = YES;
				CLANG_ENABLE_OBJC_ARC = YES;
				CLANG_ENABLE_OBJC_WEAK = YES;
				CLANG_WARN_BLOCK_CAPTURE_AUTORELEASING = YES;
				CLANG_WARN_BOOL_CONVERSION = YES;
				CLANG_WARN_COMMA = YES;
				CLANG_WARN_CONSTANT_CONVERSION = YES;
				CLANG_WARN_DEPRECATED_OBJC_IMPLEMENTATIONS = YES;
				CLANG_WARN_DIRECT_OBJC_ISA_USAGE = YES_ERROR;
				CLANG_WARN_DOCUMENTATION_COMMENTS = YES;
				CLANG_WARN_EMPTY_BODY = YES;
				CLANG_WARN_ENUM_CONVERSION = YES;
				CLANG_WARN_INFINITE_RECURSION = YES;
				CLANG_WARN_INT_CONVERSION = YES;
				CLANG_WARN_NON_LITERAL_NULL_CONVERSION = YES;
				CLANG_WARN_OBJC_IMPLICIT_RETAIN_SELF = YES;
				CLANG_WARN_OBJC_LITERAL_CONVERSION = YES;
				CLANG_WARN_OBJC_ROOT_CLASS = YES_ERROR;
				CLANG_WARN_QUOTED_INCLUDE_IN_FRAMEWORK_HEADER = YES;
				CLANG_WARN_RANGE_LOOP_ANALYSIS = YES;
				CLANG_WARN_STRICT_PROTOTYPES = YES;
				CLANG_WARN_SUSPICIOUS_MOVE = YES;
				CLANG_WARN_UNGUARDED_AVAILABILITY = YES_AGGRESSIVE;
				CLANG_WARN_UNREACHABLE_CODE = YES;
				CLANG_WARN__DUPLICATE_METHOD_MATCH = YES;
				COPY_PHASE_STRIP = NO;
				DEBUG_INFORMATION_FORMAT = "dwarf-with-dsym";
				ENABLE_NS_ASSERTIONS = NO;
				ENABLE_STRICT_OBJC_MSGSEND = YES;
				GCC_C_LANGUAGE_STANDARD = gnu11;
				GCC_NO_COMMON_BLOCKS = YES;
				GCC_WARN_64_TO_32_BIT_CONVERSION = YES;
				GCC_WARN_ABOUT_RETURN_TYPE = YES_ERROR;
				GCC_WARN_UNDECLARED_SELECTOR = YES;
				GCC_WARN_UNINITIALIZED_AUTOS = YES_AGGRESSIVE;
				GCC_WARN_UNUSED_FUNCTION = YES;
				GCC_WARN_UNUSED_VARIABLE = YES;
				IPHONEOS_DEPLOYMENT_TARGET = 16.4;
				MTL_ENABLE_DEBUG_INFO = NO;
				MTL_FAST_MATH = YES;
				SDKROOT = iphoneos;
				SWIFT_COMPILATION_MODE = wholemodule;
				SWIFT_OPTIMIZATION_LEVEL = "-O";
				VALIDATE_PRODUCT = YES;
			};
			name = Release;
		};
		643121ED2A186E4A00DD7795 /* Debug */ = {
			isa = XCBuildConfiguration;
			buildSettings = {
				ASSETCATALOG_COMPILER_APPICON_NAME = AppIcon;
				ASSETCATALOG_COMPILER_GLOBAL_ACCENT_COLOR_NAME = AccentColor;
				CODE_SIGN_STYLE = Automatic;
				CURRENT_PROJECT_VERSION = 1;
				DEVELOPMENT_ASSET_PATHS = "\"Button/Preview Content\"";
				DEVELOPMENT_TEAM = NJDWFYSC6A;
				ENABLE_PREVIEWS = YES;
				GENERATE_INFOPLIST_FILE = YES;
				INFOPLIST_KEY_UIApplicationSceneManifest_Generation = YES;
				INFOPLIST_KEY_UIApplicationSupportsIndirectInputEvents = YES;
				INFOPLIST_KEY_UILaunchScreen_Generation = YES;
				INFOPLIST_KEY_UISupportedInterfaceOrientations_iPad = "UIInterfaceOrientationPortrait UIInterfaceOrientationPortraitUpsideDown UIInterfaceOrientationLandscapeLeft UIInterfaceOrientationLandscapeRight";
				INFOPLIST_KEY_UISupportedInterfaceOrientations_iPhone = "UIInterfaceOrientationPortrait UIInterfaceOrientationLandscapeLeft UIInterfaceOrientationLandscapeRight";
				LD_RUNPATH_SEARCH_PATHS = (
					"$(inherited)",
					"@executable_path/Frameworks",
				);
				MARKETING_VERSION = 1.0;
				PRODUCT_BUNDLE_IDENTIFIER = "Elias-Canelas.Button";
				PRODUCT_NAME = "$(TARGET_NAME)";
				SWIFT_EMIT_LOC_STRINGS = YES;
				SWIFT_VERSION = 5.0;
				TARGETED_DEVICE_FAMILY = "1,2";
			};
			name = Debug;
		};
		643121EE2A186E4A00DD7795 /* Release */ = {
			isa = XCBuildConfiguration;
			buildSettings = {
				ASSETCATALOG_COMPILER_APPICON_NAME = AppIcon;
				ASSETCATALOG_COMPILER_GLOBAL_ACCENT_COLOR_NAME = AccentColor;
				CODE_SIGN_STYLE = Automatic;
				CURRENT_PROJECT_VERSION = 1;
				DEVELOPMENT_ASSET_PATHS = "\"Button/Preview Content\"";
				DEVELOPMENT_TEAM = NJDWFYSC6A;
				ENABLE_PREVIEWS = YES;
				GENERATE_INFOPLIST_FILE = YES;
				INFOPLIST_KEY_UIApplicationSceneManifest_Generation = YES;
				INFOPLIST_KEY_UIApplicationSupportsIndirectInputEvents = YES;
				INFOPLIST_KEY_UILaunchScreen_Generation = YES;
				INFOPLIST_KEY_UISupportedInterfaceOrientations_iPad = "UIInterfaceOrientationPortrait UIInterfaceOrientationPortraitUpsideDown UIInterfaceOrientationLandscapeLeft UIInterfaceOrientationLandscapeRight";
				INFOPLIST_KEY_UISupportedInterfaceOrientations_iPhone = "UIInterfaceOrientationPortrait UIInterfaceOrientationLandscapeLeft UIInterfaceOrientationLandscapeRight";
				LD_RUNPATH_SEARCH_PATHS = (
					"$(inherited)",
					"@executable_path/Frameworks",
				);
				MARKETING_VERSION = 1.0;
				PRODUCT_BUNDLE_IDENTIFIER = "Elias-Canelas.Button";
				PRODUCT_NAME = "$(TARGET_NAME)";
				SWIFT_EMIT_LOC_STRINGS = YES;
				SWIFT_VERSION = 5.0;
				TARGETED_DEVICE_FAMILY = "1,2";
			};
			name = Release;
		};
		643121F02A186E4A00DD7795 /* Debug */ = {
			isa = XCBuildConfiguration;
			buildSettings = {
				ALWAYS_EMBED_SWIFT_STANDARD_LIBRARIES = YES;
				BUNDLE_LOADER = "$(TEST_HOST)";
				CODE_SIGN_STYLE = Automatic;
				CURRENT_PROJECT_VERSION = 1;
				DEVELOPMENT_TEAM = NJDWFYSC6A;
				GENERATE_INFOPLIST_FILE = YES;
				IPHONEOS_DEPLOYMENT_TARGET = 16.4;
				MARKETING_VERSION = 1.0;
				PRODUCT_BUNDLE_IDENTIFIER = "Elias-Canelas.ButtonTests";
				PRODUCT_NAME = "$(TARGET_NAME)";
				SWIFT_EMIT_LOC_STRINGS = NO;
				SWIFT_VERSION = 5.0;
				TARGETED_DEVICE_FAMILY = "1,2";
				TEST_HOST = "$(BUILT_PRODUCTS_DIR)/Button.app/$(BUNDLE_EXECUTABLE_FOLDER_PATH)/Button";
			};
			name = Debug;
		};
		643121F12A186E4A00DD7795 /* Release */ = {
			isa = XCBuildConfiguration;
			buildSettings = {
				ALWAYS_EMBED_SWIFT_STANDARD_LIBRARIES = YES;
				BUNDLE_LOADER = "$(TEST_HOST)";
				CODE_SIGN_STYLE = Automatic;
				CURRENT_PROJECT_VERSION = 1;
				DEVELOPMENT_TEAM = NJDWFYSC6A;
				GENERATE_INFOPLIST_FILE = YES;
				IPHONEOS_DEPLOYMENT_TARGET = 16.4;
				MARKETING_VERSION = 1.0;
				PRODUCT_BUNDLE_IDENTIFIER = "Elias-Canelas.ButtonTests";
				PRODUCT_NAME = "$(TARGET_NAME)";
				SWIFT_EMIT_LOC_STRINGS = NO;
				SWIFT_VERSION = 5.0;
				TARGETED_DEVICE_FAMILY = "1,2";
				TEST_HOST = "$(BUILT_PRODUCTS_DIR)/Button.app/$(BUNDLE_EXECUTABLE_FOLDER_PATH)/Button";
			};
			name = Release;
		};
		643121F32A186E4A00DD7795 /* Debug */ = {
			isa = XCBuildConfiguration;
			buildSettings = {
				ALWAYS_EMBED_SWIFT_STANDARD_LIBRARIES = YES;
				CODE_SIGN_STYLE = Automatic;
				CURRENT_PROJECT_VERSION = 1;
				DEVELOPMENT_TEAM = NJDWFYSC6A;
				GENERATE_INFOPLIST_FILE = YES;
				MARKETING_VERSION = 1.0;
				PRODUCT_BUNDLE_IDENTIFIER = "Elias-Canelas.ButtonUITests";
				PRODUCT_NAME = "$(TARGET_NAME)";
				SWIFT_EMIT_LOC_STRINGS = NO;
				SWIFT_VERSION = 5.0;
				TARGETED_DEVICE_FAMILY = "1,2";
				TEST_TARGET_NAME = Button;
			};
			name = Debug;
		};
		643121F42A186E4A00DD7795 /* Release */ = {
			isa = XCBuildConfiguration;
			buildSettings = {
				ALWAYS_EMBED_SWIFT_STANDARD_LIBRARIES = YES;
				CODE_SIGN_STYLE = Automatic;
				CURRENT_PROJECT_VERSION = 1;
				DEVELOPMENT_TEAM = NJDWFYSC6A;
				GENERATE_INFOPLIST_FILE = YES;
				MARKETING_VERSION = 1.0;
				PRODUCT_BUNDLE_IDENTIFIER = "Elias-Canelas.ButtonUITests";
				PRODUCT_NAME = "$(TARGET_NAME)";
				SWIFT_EMIT_LOC_STRINGS = NO;
				SWIFT_VERSION = 5.0;
				TARGETED_DEVICE_FAMILY = "1,2";
				TEST_TARGET_NAME = Button;
			};
			name = Release;
		};
/* End XCBuildConfiguration section */

/* Begin XCConfigurationList section */
		643121C32A186E4800DD7795 /* Build configuration list for PBXProject "Button" */ = {
			isa = XCConfigurationList;
			buildConfigurations = (
				643121EA2A186E4A00DD7795 /* Debug */,
				643121EB2A186E4A00DD7795 /* Release */,
			);
			defaultConfigurationIsVisible = 0;
			defaultConfigurationName = Release;
		};
		643121EC2A186E4A00DD7795 /* Build configuration list for PBXNativeTarget "Button" */ = {
			isa = XCConfigurationList;
			buildConfigurations = (
				643121ED2A186E4A00DD7795 /* Debug */,
				643121EE2A186E4A00DD7795 /* Release */,
			);
			defaultConfigurationIsVisible = 0;
			defaultConfigurationName = Release;
		};
		643121EF2A186E4A00DD7795 /* Build configuration list for PBXNativeTarget "ButtonTests" */ = {
			isa = XCConfigurationList;
			buildConfigurations = (
				643121F02A186E4A00DD7795 /* Debug */,
				643121F12A186E4A00DD7795 /* Release */,
			);
			defaultConfigurationIsVisible = 0;
			defaultConfigurationName = Release;
		};
		643121F22A186E4A00DD7795 /* Build configuration list for PBXNativeTarget "ButtonUITests" */ = {
			isa = XCConfigurationList;
			buildConfigurations = (
				643121F32A186E4A00DD7795 /* Debug */,
				643121F42A186E4A00DD7795 /* Release */,
			);
			defaultConfigurationIsVisible = 0;
			defaultConfigurationName = Release;
		};
/* End XCConfigurationList section */
	};
	rootObject = 643121C02A186E4800DD7795 /* Project object */;
}
